
Microsoft Visual Studio Solution File, Format Version 12.00
# Visual Studio Version 17
VisualStudioVersion = 17.9.34723.18
MinimumVisualStudioVersion = 10.0.40219.1
Project("{FAE04EC0-301F-11D3-BF4B-00C04F79EFBC}") = "MineWiki", "MineWiki\MineWiki.csproj", "{1CE680AE-E6C6-43FB-A32B-AAB8E621F7CD}"
EndProject
Global
	GlobalSection(SolutionConfigurationPlatforms) = preSolution
		Debug|Any CPU = Debug|Any CPU
		Release|Any CPU = Release|Any CPU
	EndGlobalSection
	GlobalSection(ProjectConfigurationPlatforms) = postSolution
		{1CE680AE-E6C6-43FB-A32B-AAB8E621F7CD}.Debug|Any CPU.ActiveCfg = Debug|Any CPU
		{1CE680AE-E6C6-43FB-A32B-AAB8E621F7CD}.Debug|Any CPU.Build.0 = Debug|Any CPU
		{1CE680AE-E6C6-43FB-A32B-AAB8E621F7CD}.Debug|Any CPU.Deploy.0 = Debug|Any CPU
		{1CE680AE-E6C6-43FB-A32B-AAB8E621F7CD}.Release|Any CPU.ActiveCfg = Release|Any CPU
		{1CE680AE-E6C6-43FB-A32B-AAB8E621F7CD}.Release|Any CPU.Build.0 = Release|Any CPU
		{1CE680AE-E6C6-43FB-A32B-AAB8E621F7CD}.Release|Any CPU.Deploy.0 = Release|Any CPU
	EndGlobalSection
	GlobalSection(SolutionProperties) = preSolution
		HideSolutionNode = FALSE
	EndGlobalSection
	GlobalSection(ExtensibilityGlobals) = postSolution
		SolutionGuid = {19B0F419-8F8F-44D8-9953-FBCD178E290F}
	EndGlobalSection
EndGlobal
